
Microsoft Visual Studio Solution File, Format Version 12.00
# Visual Studio Version 17
VisualStudioVersion = 17.6.33723.286
MinimumVisualStudioVersion = 10.0.40219.1
Project("{9A19103F-16F7-4668-BE54-9A1E7A4F7556}") = "CarRentalCompany", "CarRentalCompany\CarRentalCompany.csproj", "{8BA1EB56-E09F-40B7-94C0-F011910E1406}"
EndProject
Project("{9A19103F-16F7-4668-BE54-9A1E7A4F7556}") = "CarRentalCompany.Data", "CarRentalCompany.Data\CarRentalCompany.Data.csproj", "{8E9B849D-F35A-4034-9741-F7F3D4C598AC}"
EndProject
Project("{FAE04EC0-301F-11D3-BF4B-00C04F79EFBC}") = "CarRentalCompany.Repositories", "CarRentalCompany.Repositories\CarRentalCompany.Repositories.csproj", "{E142F998-ACF3-4FE3-A722-BBBB4E034944}"
EndProject
Global
	GlobalSection(SolutionConfigurationPlatforms) = preSolution
		Debug|Any CPU = Debug|Any CPU
		Release|Any CPU = Release|Any CPU
	EndGlobalSection
	GlobalSection(ProjectConfigurationPlatforms) = postSolution
		{8BA1EB56-E09F-40B7-94C0-F011910E1406}.Debug|Any CPU.ActiveCfg = Debug|Any CPU
		{8BA1EB56-E09F-40B7-94C0-F011910E1406}.Debug|Any CPU.Build.0 = Debug|Any CPU
		{8BA1EB56-E09F-40B7-94C0-F011910E1406}.Release|Any CPU.ActiveCfg = Release|Any CPU
		{8BA1EB56-E09F-40B7-94C0-F011910E1406}.Release|Any CPU.Build.0 = Release|Any CPU
		{8E9B849D-F35A-4034-9741-F7F3D4C598AC}.Debug|Any CPU.ActiveCfg = Debug|Any CPU
		{8E9B849D-F35A-4034-9741-F7F3D4C598AC}.Debug|Any CPU.Build.0 = Debug|Any CPU
		{8E9B849D-F35A-4034-9741-F7F3D4C598AC}.Release|Any CPU.ActiveCfg = Release|Any CPU
		{8E9B849D-F35A-4034-9741-F7F3D4C598AC}.Release|Any CPU.Build.0 = Release|Any CPU
		{E142F998-ACF3-4FE3-A722-BBBB4E034944}.Debug|Any CPU.ActiveCfg = Debug|Any CPU
		{E142F998-ACF3-4FE3-A722-BBBB4E034944}.Debug|Any CPU.Build.0 = Debug|Any CPU
		{E142F998-ACF3-4FE3-A722-BBBB4E034944}.Release|Any CPU.ActiveCfg = Release|Any CPU
		{E142F998-ACF3-4FE3-A722-BBBB4E034944}.Release|Any CPU.Build.0 = Release|Any CPU
	EndGlobalSection
	GlobalSection(SolutionProperties) = preSolution
		HideSolutionNode = FALSE
	EndGlobalSection
	GlobalSection(ExtensibilityGlobals) = postSolution
		SolutionGuid = {366E9346-0EF3-412F-BA5D-61642AB2CFAC}
	EndGlobalSection
EndGlobal
